{
  "version": 4,
  "terraform_version": "1.8.0",
  "serial": 116,
  "lineage": "3fa71a97-df9d-74c2-0d54-ca43a8d86389",
  "outputs": {},
  "resources": [
    {
      "mode": "data",
      "type": "aws_instances",
      "name": "name",
      "provider": "provider[\"registry.terraform.io/hashicorp/aws\"]",
      "instances": [
        {
          "schema_version": 0,
          "attributes": {
            "filter": [
              {
                "name": "tag-key",
                "values": [
                  "test"
                ]
              }
            ],
            "id": "ap-south-1",
            "ids": [],
            "instance_state_names": null,
            "instance_tags": null,
            "ipv6_addresses": [],
            "private_ips": [],
            "public_ips": [],
            "timeouts": null
          },
          "sensitive_attributes": []
        }
      ]
    },
    {
      "mode": "managed",
      "type": "aws_iam_user",
      "name": "test",
      "provider": "provider[\"registry.terraform.io/hashicorp/aws\"]",
      "instances": [
        {
          "index_key": "devuser",
          "schema_version": 0,
          "attributes": {
            "arn": "arn:aws:iam::282672880644:user/devuser",
            "force_destroy": false,
            "id": "devuser",
            "name": "devuser",
            "path": "/",
            "permissions_boundary": "",
            "tags": {},
            "tags_all": {},
            "unique_id": "AIDAUDUE53QCNM2J6OYE4"
          },
          "sensitive_attributes": [],
          "private": "bnVsbA=="
        },
        {
          "index_key": "produser",
          "schema_version": 0,
          "attributes": {
            "arn": "arn:aws:iam::282672880644:user/produser",
            "force_destroy": false,
            "id": "produser",
            "name": "produser",
            "path": "/",
            "permissions_boundary": "",
            "tags": {},
            "tags_all": {},
            "unique_id": "AIDAUDUE53QCLJZXTESKQ"
          },
          "sensitive_attributes": [],
          "private": "bnVsbA=="
        },
        {
          "index_key": "testuser",
          "schema_version": 0,
          "attributes": {
            "arn": "arn:aws:iam::282672880644:user/testuser",
            "force_destroy": false,
            "id": "testuser",
            "name": "testuser",
            "path": "/",
            "permissions_boundary": "",
            "tags": {},
            "tags_all": {},
            "unique_id": "AIDAUDUE53QCI6FDSZASI"
          },
          "sensitive_attributes": [],
          "private": "bnVsbA=="
        }
      ]
    }
  ],
  "check_results": null
}
